
Microsoft Visual Studio Solution File, Format Version 12.00
# Visual Studio Version 17
VisualStudioVersion = 17.12.35521.163
MinimumVisualStudioVersion = 10.0.40219.1
Project("{FAE04EC0-301F-11D3-BF4B-00C04F79EFBC}") = "Entities", "Entities\Entities.csproj", "{DA464C1F-7ECD-48DA-A981-62F27282C89E}"
EndProject
Project("{FAE04EC0-301F-11D3-BF4B-00C04F79EFBC}") = "DAL", "DAL\DAL.csproj", "{073F2399-A79A-477E-B169-9AE465A0265B}"
EndProject
Project("{FAE04EC0-301F-11D3-BF4B-00C04F79EFBC}") = "Core", "Core\Core.csproj", "{C55A1A43-1816-4A17-B3F2-9F05D4F96420}"
EndProject
Project("{FAE04EC0-301F-11D3-BF4B-00C04F79EFBC}") = "TestConsole", "TestConsole\TestConsole.csproj", "{445633CC-4E8A-45D2-B9F0-451DF0E778A3}"
EndProject
Project("{FAE04EC0-301F-11D3-BF4B-00C04F79EFBC}") = "BusinessLayer", "BusinessLayer\BusinessLayer.csproj", "{67466C9C-0882-4CAC-847F-4417C872B17F}"
EndProject
Project("{FAE04EC0-301F-11D3-BF4B-00C04F79EFBC}") = "WebApp", "WebApp\WebApp.csproj", "{C4428CF3-B61F-4C4B-93AB-7C9E6818D9A5}"
EndProject
Project("{FAE04EC0-301F-11D3-BF4B-00C04F79EFBC}") = "UnitTest", "UnitTest\UnitTest.csproj", "{8CDEEAE8-5B0B-4436-9F5C-FF65632A84E4}"
EndProject
Project("{FAE04EC0-301F-11D3-BF4B-00C04F79EFBC}") = "API", "API\API.csproj", "{323FD4A8-F7DB-4040-A492-9527F809A84C}"
EndProject
Global
	GlobalSection(SolutionConfigurationPlatforms) = preSolution
		Debug|Any CPU = Debug|Any CPU
		Release|Any CPU = Release|Any CPU
	EndGlobalSection
	GlobalSection(ProjectConfigurationPlatforms) = postSolution
		{DA464C1F-7ECD-48DA-A981-62F27282C89E}.Debug|Any CPU.ActiveCfg = Debug|Any CPU
		{DA464C1F-7ECD-48DA-A981-62F27282C89E}.Debug|Any CPU.Build.0 = Debug|Any CPU
		{DA464C1F-7ECD-48DA-A981-62F27282C89E}.Release|Any CPU.ActiveCfg = Release|Any CPU
		{DA464C1F-7ECD-48DA-A981-62F27282C89E}.Release|Any CPU.Build.0 = Release|Any CPU
		{073F2399-A79A-477E-B169-9AE465A0265B}.Debug|Any CPU.ActiveCfg = Debug|Any CPU
		{073F2399-A79A-477E-B169-9AE465A0265B}.Debug|Any CPU.Build.0 = Debug|Any CPU
		{073F2399-A79A-477E-B169-9AE465A0265B}.Release|Any CPU.ActiveCfg = Release|Any CPU
		{073F2399-A79A-477E-B169-9AE465A0265B}.Release|Any CPU.Build.0 = Release|Any CPU
		{C55A1A43-1816-4A17-B3F2-9F05D4F96420}.Debug|Any CPU.ActiveCfg = Debug|Any CPU
		{C55A1A43-1816-4A17-B3F2-9F05D4F96420}.Debug|Any CPU.Build.0 = Debug|Any CPU
		{C55A1A43-1816-4A17-B3F2-9F05D4F96420}.Release|Any CPU.ActiveCfg = Release|Any CPU
		{C55A1A43-1816-4A17-B3F2-9F05D4F96420}.Release|Any CPU.Build.0 = Release|Any CPU
		{445633CC-4E8A-45D2-B9F0-451DF0E778A3}.Debug|Any CPU.ActiveCfg = Debug|Any CPU
		{445633CC-4E8A-45D2-B9F0-451DF0E778A3}.Debug|Any CPU.Build.0 = Debug|Any CPU
		{445633CC-4E8A-45D2-B9F0-451DF0E778A3}.Release|Any CPU.ActiveCfg = Release|Any CPU
		{445633CC-4E8A-45D2-B9F0-451DF0E778A3}.Release|Any CPU.Build.0 = Release|Any CPU
		{67466C9C-0882-4CAC-847F-4417C872B17F}.Debug|Any CPU.ActiveCfg = Debug|Any CPU
		{67466C9C-0882-4CAC-847F-4417C872B17F}.Debug|Any CPU.Build.0 = Debug|Any CPU
		{67466C9C-0882-4CAC-847F-4417C872B17F}.Release|Any CPU.ActiveCfg = Release|Any CPU
		{67466C9C-0882-4CAC-847F-4417C872B17F}.Release|Any CPU.Build.0 = Release|Any CPU
		{C4428CF3-B61F-4C4B-93AB-7C9E6818D9A5}.Debug|Any CPU.ActiveCfg = Debug|Any CPU
		{C4428CF3-B61F-4C4B-93AB-7C9E6818D9A5}.Debug|Any CPU.Build.0 = Debug|Any CPU
		{C4428CF3-B61F-4C4B-93AB-7C9E6818D9A5}.Release|Any CPU.ActiveCfg = Release|Any CPU
		{C4428CF3-B61F-4C4B-93AB-7C9E6818D9A5}.Release|Any CPU.Build.0 = Release|Any CPU
		{8CDEEAE8-5B0B-4436-9F5C-FF65632A84E4}.Debug|Any CPU.ActiveCfg = Debug|Any CPU
		{8CDEEAE8-5B0B-4436-9F5C-FF65632A84E4}.Debug|Any CPU.Build.0 = Debug|Any CPU
		{8CDEEAE8-5B0B-4436-9F5C-FF65632A84E4}.Release|Any CPU.ActiveCfg = Release|Any CPU
		{8CDEEAE8-5B0B-4436-9F5C-FF65632A84E4}.Release|Any CPU.Build.0 = Release|Any CPU
		{323FD4A8-F7DB-4040-A492-9527F809A84C}.Debug|Any CPU.ActiveCfg = Debug|Any CPU
		{323FD4A8-F7DB-4040-A492-9527F809A84C}.Debug|Any CPU.Build.0 = Debug|Any CPU
		{323FD4A8-F7DB-4040-A492-9527F809A84C}.Release|Any CPU.ActiveCfg = Release|Any CPU
		{323FD4A8-F7DB-4040-A492-9527F809A84C}.Release|Any CPU.Build.0 = Release|Any CPU
	EndGlobalSection
	GlobalSection(SolutionProperties) = preSolution
		HideSolutionNode = FALSE
	EndGlobalSection
EndGlobal
